# Generated by buf. DO NOT EDIT.
version: v1
deps:
  - remote: buf.build
    owner: embedfi
    repository: finance
    branch: main
    commit: 699758aad7ec4722b4b837a386261495
    digest: b1--1A-eWsEErJ8x6fB3pQAMyYX6xu_mpJ_qjkVN98RSgk=
    create_time: 2022-01-09T05:39:03.369267Z
  - remote: buf.build
    owner: envoyproxy
    repository: protoc-gen-validate
    branch: main
    commit: dc09a417d27241f7b069feae2cd74a0e
    digest: b1-Ml8P8Frdpw3OwpExAAPdylRY3Drdoz0lwMe104zLBEk=
    create_time: 2021-12-17T23:06:23.975454Z
